<?xml version="1.0" encoding="utf-8"?>
<Project ToolsVersion="4.0" xmlns="http://schemas.microsoft.com/developer/msbuild/2003">
  <ItemGroup>
    <Filter Include="98.Default">
      <UniqueIdentifier>{5116a319-9249-4b0d-8eaa-6020cddd65b5}</UniqueIdentifier>
    </Filter>
    <Filter Include="99.Defines">
      <UniqueIdentifier>{256ca08a-5dc9-466e-a467-b31575918273}</UniqueIdentifier>
    </Filter>
    <Filter Include="00.MainApp">
      <UniqueIdentifier>{a392792c-7f71-421c-9230-cfb1fb518011}</UniqueIdentifier>
    </Filter>
    <Filter Include="01.Object">
      <UniqueIdentifier>{78bfae48-f03f-44c1-a644-e1ff7015b170}</UniqueIdentifier>
    </Filter>
    <Filter Include="02.Scene">
      <UniqueIdentifier>{2c2c4339-2cb5-4c4e-b954-af8d206eb4f5}</UniqueIdentifier>
    </Filter>
    <Filter Include="01.Object\00.Player">
      <UniqueIdentifier>{2127ef66-3a4e-4b9c-bd05-fa34d4e6f079}</UniqueIdentifier>
    </Filter>
    <Filter Include="01.Object\00.Player\00.PlayerBall">
      <UniqueIdentifier>{af6f8dae-4574-427c-a1e8-1404358ebf69}</UniqueIdentifier>
    </Filter>
    <Filter Include="02.Scene\00.Loading">
      <UniqueIdentifier>{c05979c4-d70e-481c-ab5a-f695efef2ec2}</UniqueIdentifier>
    </Filter>
    <Filter Include="02.Scene\01.Logo">
      <UniqueIdentifier>{522453a1-1ee7-43fb-88a6-028b72a65931}</UniqueIdentifier>
    </Filter>
    <Filter Include="02.Scene\02.Stage1">
      <UniqueIdentifier>{965176aa-9c97-4e67-88da-9ce372d07195}</UniqueIdentifier>
    </Filter>
    <Filter Include="02.Scene\00.Loading\Loader">
      <UniqueIdentifier>{1a53509e-cb07-432b-875f-707dbba43879}</UniqueIdentifier>
    </Filter>
    <Filter Include="97.Shader">
      <UniqueIdentifier>{2a202032-c680-4271-86f0-0c61701adf6f}</UniqueIdentifier>
    </Filter>
    <Filter Include="01.Object\02.CommonObj">
      <UniqueIdentifier>{297a7299-9f88-4647-b7bf-f26350da966c}</UniqueIdentifier>
    </Filter>
    <Filter Include="01.Object\02.CommonObj\00.BackGruond">
      <UniqueIdentifier>{6713f36f-2a2c-46d0-9fd6-2cd541a84507}</UniqueIdentifier>
    </Filter>
    <Filter Include="01.Object\02.CommonObj\01.Terrain">
      <UniqueIdentifier>{8a1ab7af-1022-4a32-b85c-4c4aee89f654}</UniqueIdentifier>
    </Filter>
    <Filter Include="01.Object\02.CommonObj\02.MainCamera">
      <UniqueIdentifier>{965eb0ba-2aa6-4fc1-bdd2-28ca81b36fdb}</UniqueIdentifier>
    </Filter>
    <Filter Include="01.Object\01.ObjList">
      <UniqueIdentifier>{a7e75fe9-5f11-4c3d-999c-8ea5ffde4b48}</UniqueIdentifier>
    </Filter>
    <Filter Include="01.Object\02.CommonObj\03.UI">
      <UniqueIdentifier>{6aeef947-8da0-4ef3-9ee2-99a8636730cb}</UniqueIdentifier>
    </Filter>
    <Filter Include="01.Object\02.CommonObj\03.UI\00.SizeUI">
      <UniqueIdentifier>{ed6466c7-c0cc-48e7-9f67-efd1c37bc025}</UniqueIdentifier>
    </Filter>
    <Filter Include="01.Object\02.CommonObj\03.UI\01.StickyUI">
      <UniqueIdentifier>{b1ee6bfc-e024-49b5-a72a-bcd2713323de}</UniqueIdentifier>
    </Filter>
    <Filter Include="01.Object\02.CommonObj\03.UI\02.TimeUI">
      <UniqueIdentifier>{de29ffbd-08cc-44ed-9fee-754206d71414}</UniqueIdentifier>
    </Filter>
    <Filter Include="01.Object\02.CommonObj\03.UI\03.PlayerMoveUI">
      <UniqueIdentifier>{3b8421f4-3400-4d1a-a546-de4381c7795d}</UniqueIdentifier>
    </Filter>
    <Filter Include="01.Object\02.CommonObj\04.StageMap">
      <UniqueIdentifier>{8db00604-6c9c-432f-a6da-700eb2338614}</UniqueIdentifier>
    </Filter>
    <Filter Include="01.Object\01.ObjList\00.Apple">
      <UniqueIdentifier>{00875ee5-f02c-47a4-92d9-60b67f8e500d}</UniqueIdentifier>
    </Filter>
    <Filter Include="01.Object\02.CommonObj\03.UI\04.LoadingUI">
      <UniqueIdentifier>{4cf90ba8-8676-4ac1-8e1d-95b539132089}</UniqueIdentifier>
    </Filter>
    <Filter Include="01.Object\01.ObjList\NewFilter1">
      <UniqueIdentifier>{7454a790-217c-4da2-95ab-f1c5b22cb64b}</UniqueIdentifier>
    </Filter>
    <Filter Include="01.Object\01.ObjList\NewFilter1\12.Denden">
      <UniqueIdentifier>{216e4f75-41da-4cc9-83c8-2e8ebbe2fd3c}</UniqueIdentifier>
    </Filter>
    <Filter Include="01.Object\01.ObjList\NewFilter1\32.Tree">
      <UniqueIdentifier>{0707130a-eb87-48d8-ae13-b0adb3916213}</UniqueIdentifier>
    </Filter>
    <Filter Include="01.Object\01.ObjList\34.Dummy">
      <UniqueIdentifier>{55fb204f-bebf-4d2b-a57a-edc3ff7a782f}</UniqueIdentifier>
    </Filter>
    <Filter Include="01.Object\01.ObjList\01.Bag">
      <UniqueIdentifier>{97ad2f8e-149a-45ca-aa1f-708a8cac0ac0}</UniqueIdentifier>
    </Filter>
    <Filter Include="01.Object\01.ObjList\02.Banana">
      <UniqueIdentifier>{8c0d0df3-c89c-49a6-aea6-65602c385318}</UniqueIdentifier>
    </Filter>
    <Filter Include="01.Object\01.ObjList\03.Bat">
      <UniqueIdentifier>{49546e02-c028-4a85-bb9a-d3e9de87d650}</UniqueIdentifier>
    </Filter>
    <Filter Include="01.Object\01.ObjList\04.Bansai">
      <UniqueIdentifier>{aeeef947-2d3d-4dc8-bbb9-20a900d8f0c3}</UniqueIdentifier>
    </Filter>
    <Filter Include="01.Object\01.ObjList\05,Book0">
      <UniqueIdentifier>{5befeb10-3cd1-40c8-bbbd-53c608f51580}</UniqueIdentifier>
    </Filter>
    <Filter Include="01.Object\01.ObjList\06.Book1">
      <UniqueIdentifier>{159be3d3-fd8a-45bd-a7a5-c1fd588c1e27}</UniqueIdentifier>
    </Filter>
    <Filter Include="01.Object\01.ObjList\07.Bowling">
      <UniqueIdentifier>{3e932548-1b20-44e9-9733-e557554aabb1}</UniqueIdentifier>
    </Filter>
    <Filter Include="01.Object\01.ObjList\08.Cake">
      <UniqueIdentifier>{41350874-8ec1-4e64-beb7-9e4f125928db}</UniqueIdentifier>
    </Filter>
    <Filter Include="01.Object\01.ObjList\09.Can">
      <UniqueIdentifier>{c21f7491-fd22-40cb-bdfc-dfefb544a38e}</UniqueIdentifier>
    </Filter>
    <Filter Include="01.Object\01.ObjList\10.Candy">
      <UniqueIdentifier>{a49deaa7-b84e-4216-a8a7-d5220c8dadcc}</UniqueIdentifier>
    </Filter>
    <Filter Include="01.Object\01.ObjList\11.Clock">
      <UniqueIdentifier>{c3c10da6-af6a-4281-8f84-02aa9ab24b8f}</UniqueIdentifier>
    </Filter>
    <Filter Include="01.Object\01.ObjList\13.Dice">
      <UniqueIdentifier>{baa8b451-bf80-4799-95de-47a89494fd39}</UniqueIdentifier>
    </Filter>
    <Filter Include="01.Object\01.ObjList\14.DrinkCan0">
      <UniqueIdentifier>{ceab90af-8d45-453a-aeb3-e20cc2c403d4}</UniqueIdentifier>
    </Filter>
    <Filter Include="01.Object\01.ObjList\15.DrinkCan1">
      <UniqueIdentifier>{6ae6d86b-3246-44a7-84bc-4536be21768c}</UniqueIdentifier>
    </Filter>
    <Filter Include="01.Object\01.ObjList\16.Egg">
      <UniqueIdentifier>{be68bc54-4ca6-4530-9e52-555a300d64b8}</UniqueIdentifier>
    </Filter>
    <Filter Include="01.Object\01.ObjList\17.Eraser">
      <UniqueIdentifier>{4388215e-07e7-4e30-a606-209defb52ff8}</UniqueIdentifier>
    </Filter>
    <Filter Include="01.Object\01.ObjList\18.Fork">
      <UniqueIdentifier>{163401ec-f3a6-4f73-b27c-ece961215fdb}</UniqueIdentifier>
    </Filter>
    <Filter Include="01.Object\01.ObjList\19.FryPan">
      <UniqueIdentifier>{b9e007a4-ae8f-47c6-85b6-b4e3cf64bd31}</UniqueIdentifier>
    </Filter>
    <Filter Include="01.Object\01.ObjList\20.LipStick">
      <UniqueIdentifier>{14161356-34ea-4a36-9639-5aab5ce34bb5}</UniqueIdentifier>
    </Filter>
    <Filter Include="01.Object\01.ObjList\21.Magnet">
      <UniqueIdentifier>{7c17caee-5170-43ef-9997-cf5a52caaea3}</UniqueIdentifier>
    </Filter>
    <Filter Include="01.Object\01.ObjList\22.Melon">
      <UniqueIdentifier>{1ec913a8-3af1-41be-ad8c-d56274e875e5}</UniqueIdentifier>
    </Filter>
    <Filter Include="01.Object\01.ObjList\23.MilkPack">
      <UniqueIdentifier>{b5acd307-ea2d-4d03-bbbb-5d4e90d7015f}</UniqueIdentifier>
    </Filter>
    <Filter Include="01.Object\01.ObjList\24.Orange">
      <UniqueIdentifier>{c245b046-e52c-4301-8b4d-b120edeb24b7}</UniqueIdentifier>
    </Filter>
    <Filter Include="01.Object\01.ObjList\25.Pilon">
      <UniqueIdentifier>{9a5e9e55-de74-48f2-905e-617176fb524e}</UniqueIdentifier>
    </Filter>
    <Filter Include="01.Object\01.ObjList\26.Pin0">
      <UniqueIdentifier>{2ad1ad31-62a0-4a9f-bffe-68d70c6300aa}</UniqueIdentifier>
    </Filter>
    <Filter Include="01.Object\01.ObjList\27.Pin1">
      <UniqueIdentifier>{b95b0ce4-ad6a-4ce0-816c-87e6ee7412ac}</UniqueIdentifier>
    </Filter>
    <Filter Include="01.Object\01.ObjList\28.Radio">
      <UniqueIdentifier>{2b3802ea-5d0c-4c43-b2c4-14437bfff867}</UniqueIdentifier>
    </Filter>
    <Filter Include="01.Object\01.ObjList\29.Spoon">
      <UniqueIdentifier>{0c79e6f5-39c7-4fb5-86f3-f6ed856554d2}</UniqueIdentifier>
    </Filter>
    <Filter Include="01.Object\01.ObjList\30.Stand">
      <UniqueIdentifier>{fc24cf5c-8842-4d88-8cac-f550f388a772}</UniqueIdentifier>
    </Filter>
    <Filter Include="01.Object\01.ObjList\31.SunFlower">
      <UniqueIdentifier>{cfdae0cb-b75e-4344-8356-6ffcac01def3}</UniqueIdentifier>
    </Filter>
    <Filter Include="01.Object\01.ObjList\33.Tulip">
      <UniqueIdentifier>{fd1b3611-b4fc-460d-8ca0-8bac8725f930}</UniqueIdentifier>
    </Filter>
    <Filter Include="01.Object\02.CommonObj\03.UI\05.StickObjUI">
      <UniqueIdentifier>{1d3d0093-cd95-4f2c-bbb5-4544dbcf98fd}</UniqueIdentifier>
    </Filter>
    <Filter Include="01.Object\02.CommonObj\03.UI\06.ClockUI">
      <UniqueIdentifier>{99eacf14-1699-4dd4-8cc8-44afb5960f31}</UniqueIdentifier>
    </Filter>
    <Filter Include="01.Object\02.CommonObj\03.UI\07.TimeNumUI">
      <UniqueIdentifier>{1c675380-5684-4790-b242-66171b880061}</UniqueIdentifier>
    </Filter>
  </ItemGroup>
  <ItemGroup>
    <Text Include="ReadMe.txt" />
  </ItemGroup>
  <ItemGroup>
    <ClInclude Include="Client.h">
      <Filter>98.Default</Filter>
    </ClInclude>
    <ClInclude Include="Resource.h">
      <Filter>98.Default</Filter>
    </ClInclude>
    <ClInclude Include="stdafx.h">
      <Filter>98.Default</Filter>
    </ClInclude>
    <ClInclude Include="targetver.h">
      <Filter>98.Default</Filter>
    </ClInclude>
    <ClInclude Include="..\Headers\ClientDefines.h">
      <Filter>99.Defines</Filter>
    </ClInclude>
    <ClInclude Include="..\Headers\MainApp.h">
      <Filter>00.MainApp</Filter>
    </ClInclude>
    <ClInclude Include="..\Headers\Player.h">
      <Filter>01.Object\00.Player</Filter>
    </ClInclude>
    <ClInclude Include="..\Headers\PlayerBall.h">
      <Filter>01.Object\00.Player\00.PlayerBall</Filter>
    </ClInclude>
    <ClInclude Include="..\Headers\Loading.h">
      <Filter>02.Scene\00.Loading</Filter>
    </ClInclude>
    <ClInclude Include="..\Headers\Logo.h">
      <Filter>02.Scene\01.Logo</Filter>
    </ClInclude>
    <ClInclude Include="..\Headers\StageOne.h">
      <Filter>02.Scene\02.Stage1</Filter>
    </ClInclude>
    <ClInclude Include="..\Headers\Loader.h">
      <Filter>02.Scene\00.Loading\Loader</Filter>
    </ClInclude>
    <ClInclude Include="..\Headers\BackGround.h">
      <Filter>01.Object\02.CommonObj\00.BackGruond</Filter>
    </ClInclude>
    <ClInclude Include="..\Headers\Terrain.h">
      <Filter>01.Object\02.CommonObj\01.Terrain</Filter>
    </ClInclude>
    <ClInclude Include="..\Headers\MainCamera.h">
      <Filter>01.Object\02.CommonObj\02.MainCamera</Filter>
    </ClInclude>
    <ClInclude Include="..\Headers\ObjList.h">
      <Filter>01.Object\01.ObjList</Filter>
    </ClInclude>
    <ClInclude Include="..\Headers\PlayerMoveUI.h">
      <Filter>01.Object\02.CommonObj\03.UI\03.PlayerMoveUI</Filter>
    </ClInclude>
    <ClInclude Include="..\Headers\SizeUI.h">
      <Filter>01.Object\02.CommonObj\03.UI\00.SizeUI</Filter>
    </ClInclude>
    <ClInclude Include="..\Headers\StickyUI.h">
      <Filter>01.Object\02.CommonObj\03.UI\01.StickyUI</Filter>
    </ClInclude>
    <ClInclude Include="..\Headers\TimeUI.h">
      <Filter>01.Object\02.CommonObj\03.UI\02.TimeUI</Filter>
    </ClInclude>
    <ClInclude Include="..\Headers\UIList.h">
      <Filter>01.Object\02.CommonObj\03.UI</Filter>
    </ClInclude>
    <ClInclude Include="..\Bin\ShaderFiles\Shader_Defines.hpp">
      <Filter>97.Shader</Filter>
    </ClInclude>
    <ClInclude Include="..\Headers\StageMap.h">
      <Filter>01.Object\02.CommonObj\04.StageMap</Filter>
    </ClInclude>
    <ClInclude Include="..\Headers\Apple.h">
      <Filter>01.Object\01.ObjList\00.Apple</Filter>
    </ClInclude>
    <ClInclude Include="..\Headers\Bag.h">
      <Filter>01.Object\01.ObjList\01.Bag</Filter>
    </ClInclude>
    <ClInclude Include="..\Headers\Banana.h">
      <Filter>01.Object\01.ObjList\02.Banana</Filter>
    </ClInclude>
    <ClInclude Include="..\Headers\Bansai.h">
      <Filter>01.Object\01.ObjList\04.Bansai</Filter>
    </ClInclude>
    <ClInclude Include="..\Headers\Bat.h">
      <Filter>01.Object\01.ObjList\03.Bat</Filter>
    </ClInclude>
    <ClInclude Include="..\Headers\Book0.h">
      <Filter>01.Object\01.ObjList\05,Book0</Filter>
    </ClInclude>
    <ClInclude Include="..\Headers\Book1.h">
      <Filter>01.Object\01.ObjList\06.Book1</Filter>
    </ClInclude>
    <ClInclude Include="..\Headers\Bowling.h">
      <Filter>01.Object\01.ObjList\07.Bowling</Filter>
    </ClInclude>
    <ClInclude Include="..\Headers\Cake.h">
      <Filter>01.Object\01.ObjList\08.Cake</Filter>
    </ClInclude>
    <ClInclude Include="..\Headers\Can.h">
      <Filter>01.Object\01.ObjList\09.Can</Filter>
    </ClInclude>
    <ClInclude Include="..\Headers\Candy.h">
      <Filter>01.Object\01.ObjList\10.Candy</Filter>
    </ClInclude>
    <ClInclude Include="..\Headers\Clock.h">
      <Filter>01.Object\01.ObjList\11.Clock</Filter>
    </ClInclude>
    <ClInclude Include="..\Headers\Denden.h">
      <Filter>01.Object\01.ObjList\NewFilter1\12.Denden</Filter>
    </ClInclude>
    <ClInclude Include="..\Headers\Dice.h">
      <Filter>01.Object\01.ObjList\13.Dice</Filter>
    </ClInclude>
    <ClInclude Include="..\Headers\DrinkCan0.h">
      <Filter>01.Object\01.ObjList\14.DrinkCan0</Filter>
    </ClInclude>
    <ClInclude Include="..\Headers\DrinkCan1.h">
      <Filter>01.Object\01.ObjList\15.DrinkCan1</Filter>
    </ClInclude>
    <ClInclude Include="..\Headers\Egg.h">
      <Filter>01.Object\01.ObjList\16.Egg</Filter>
    </ClInclude>
    <ClInclude Include="..\Headers\Eraser.h">
      <Filter>01.Object\01.ObjList\17.Eraser</Filter>
    </ClInclude>
    <ClInclude Include="..\Headers\Fork.h">
      <Filter>01.Object\01.ObjList\18.Fork</Filter>
    </ClInclude>
    <ClInclude Include="..\Headers\FryPan.h">
      <Filter>01.Object\01.ObjList\19.FryPan</Filter>
    </ClInclude>
    <ClInclude Include="..\Headers\LipStick.h">
      <Filter>01.Object\01.ObjList\20.LipStick</Filter>
    </ClInclude>
    <ClInclude Include="..\Headers\Magnet.h">
      <Filter>01.Object\01.ObjList\21.Magnet</Filter>
    </ClInclude>
    <ClInclude Include="..\Headers\Melon.h">
      <Filter>01.Object\01.ObjList\22.Melon</Filter>
    </ClInclude>
    <ClInclude Include="..\Headers\MilkPack.h">
      <Filter>01.Object\01.ObjList\23.MilkPack</Filter>
    </ClInclude>
    <ClInclude Include="..\Headers\Orange.h">
      <Filter>01.Object\01.ObjList\24.Orange</Filter>
    </ClInclude>
    <ClInclude Include="..\Headers\Pilon.h">
      <Filter>01.Object\01.ObjList\25.Pilon</Filter>
    </ClInclude>
    <ClInclude Include="..\Headers\Pin0.h">
      <Filter>01.Object\01.ObjList\26.Pin0</Filter>
    </ClInclude>
    <ClInclude Include="..\Headers\Pin1.h">
      <Filter>01.Object\01.ObjList\27.Pin1</Filter>
    </ClInclude>
    <ClInclude Include="..\Headers\Radio.h">
      <Filter>01.Object\01.ObjList\28.Radio</Filter>
    </ClInclude>
    <ClInclude Include="..\Headers\Spoon.h">
      <Filter>01.Object\01.ObjList\29.Spoon</Filter>
    </ClInclude>
    <ClInclude Include="..\Headers\Stand.h">
      <Filter>01.Object\01.ObjList\30.Stand</Filter>
    </ClInclude>
    <ClInclude Include="..\Headers\SunFlower.h">
      <Filter>01.Object\01.ObjList\31.SunFlower</Filter>
    </ClInclude>
    <ClInclude Include="..\Headers\Tree.h">
      <Filter>01.Object\01.ObjList\NewFilter1\32.Tree</Filter>
    </ClInclude>
    <ClInclude Include="..\Headers\Tulip.h">
      <Filter>01.Object\01.ObjList\33.Tulip</Filter>
    </ClInclude>
    <ClInclude Include="..\Headers\LoadingUI.h">
      <Filter>01.Object\02.CommonObj\03.UI\04.LoadingUI</Filter>
    </ClInclude>
    <ClInclude Include="..\Headers\Dummy.h">
      <Filter>01.Object\01.ObjList\34.Dummy</Filter>
    </ClInclude>
    <ClInclude Include="..\Headers\StickObjUI.h">
      <Filter>01.Object\02.CommonObj\03.UI\05.StickObjUI</Filter>
    </ClInclude>
    <ClInclude Include="..\Headers\ClockUI.h">
      <Filter>01.Object\02.CommonObj\03.UI\06.ClockUI</Filter>
    </ClInclude>
    <ClInclude Include="..\Headers\TimeNumUI.h">
      <Filter>01.Object\02.CommonObj\03.UI\07.TimeNumUI</Filter>
    </ClInclude>
  </ItemGroup>
  <ItemGroup>
    <ClCompile Include="Client.cpp">
      <Filter>98.Default</Filter>
    </ClCompile>
    <ClCompile Include="stdafx.cpp">
      <Filter>98.Default</Filter>
    </ClCompile>
    <ClCompile Include="..\Codes\MainApp.cpp">
      <Filter>00.MainApp</Filter>
    </ClCompile>
    <ClCompile Include="..\Codes\Player.cpp">
      <Filter>01.Object\00.Player</Filter>
    </ClCompile>
    <ClCompile Include="..\Codes\PlayerBall.cpp">
      <Filter>01.Object\00.Player\00.PlayerBall</Filter>
    </ClCompile>
    <ClCompile Include="..\Codes\Loading.cpp">
      <Filter>02.Scene\00.Loading</Filter>
    </ClCompile>
    <ClCompile Include="..\Codes\Logo.cpp">
      <Filter>02.Scene\01.Logo</Filter>
    </ClCompile>
    <ClCompile Include="..\Codes\StageOne.cpp">
      <Filter>02.Scene\02.Stage1</Filter>
    </ClCompile>
    <ClCompile Include="..\Codes\Loader.cpp">
      <Filter>02.Scene\00.Loading\Loader</Filter>
    </ClCompile>
    <ClCompile Include="..\Codes\BackGround.cpp">
      <Filter>01.Object\02.CommonObj\00.BackGruond</Filter>
    </ClCompile>
    <ClCompile Include="..\Codes\Terrain.cpp">
      <Filter>01.Object\02.CommonObj\01.Terrain</Filter>
    </ClCompile>
    <ClCompile Include="..\Codes\MainCamera.cpp">
      <Filter>01.Object\02.CommonObj\02.MainCamera</Filter>
    </ClCompile>
    <ClCompile Include="..\Codes\ObjList.cpp">
      <Filter>01.Object\01.ObjList</Filter>
    </ClCompile>
    <ClCompile Include="..\Codes\PlayerMoveUI.cpp">
      <Filter>01.Object\02.CommonObj\03.UI\03.PlayerMoveUI</Filter>
    </ClCompile>
    <ClCompile Include="..\Codes\SizeUI.cpp">
      <Filter>01.Object\02.CommonObj\03.UI\00.SizeUI</Filter>
    </ClCompile>
    <ClCompile Include="..\Codes\StickyUI.cpp">
      <Filter>01.Object\02.CommonObj\03.UI\01.StickyUI</Filter>
    </ClCompile>
    <ClCompile Include="..\Codes\TimeUI.cpp">
      <Filter>01.Object\02.CommonObj\03.UI\02.TimeUI</Filter>
    </ClCompile>
    <ClCompile Include="..\Codes\UIList.cpp">
      <Filter>01.Object\02.CommonObj\03.UI</Filter>
    </ClCompile>
    <ClCompile Include="..\Codes\StageMap.cpp">
      <Filter>01.Object\02.CommonObj\04.StageMap</Filter>
    </ClCompile>
    <ClCompile Include="..\Codes\Apple.cpp">
      <Filter>01.Object\01.ObjList\00.Apple</Filter>
    </ClCompile>
    <ClCompile Include="..\Codes\Bag.cpp">
      <Filter>01.Object\01.ObjList\01.Bag</Filter>
    </ClCompile>
    <ClCompile Include="..\Codes\Banana.cpp">
      <Filter>01.Object\01.ObjList\02.Banana</Filter>
    </ClCompile>
    <ClCompile Include="..\Codes\Bansai.cpp">
      <Filter>01.Object\01.ObjList\04.Bansai</Filter>
    </ClCompile>
    <ClCompile Include="..\Codes\Bat.cpp">
      <Filter>01.Object\01.ObjList\03.Bat</Filter>
    </ClCompile>
    <ClCompile Include="..\Codes\Book0.cpp">
      <Filter>01.Object\01.ObjList\05,Book0</Filter>
    </ClCompile>
    <ClCompile Include="..\Codes\Book1.cpp">
      <Filter>01.Object\01.ObjList\06.Book1</Filter>
    </ClCompile>
    <ClCompile Include="..\Codes\Bowling.cpp">
      <Filter>01.Object\01.ObjList\07.Bowling</Filter>
    </ClCompile>
    <ClCompile Include="..\Codes\Cake.cpp">
      <Filter>01.Object\01.ObjList\08.Cake</Filter>
    </ClCompile>
    <ClCompile Include="..\Codes\Can.cpp">
      <Filter>01.Object\01.ObjList\09.Can</Filter>
    </ClCompile>
    <ClCompile Include="..\Codes\Candy.cpp">
      <Filter>01.Object\01.ObjList\10.Candy</Filter>
    </ClCompile>
    <ClCompile Include="..\Codes\Clock.cpp">
      <Filter>01.Object\01.ObjList\11.Clock</Filter>
    </ClCompile>
    <ClCompile Include="..\Codes\Denden.cpp">
      <Filter>01.Object\01.ObjList\NewFilter1\12.Denden</Filter>
    </ClCompile>
    <ClCompile Include="..\Codes\Dice.cpp">
      <Filter>01.Object\01.ObjList\13.Dice</Filter>
    </ClCompile>
    <ClCompile Include="..\Codes\DrinkCan0.cpp">
      <Filter>01.Object\01.ObjList\14.DrinkCan0</Filter>
    </ClCompile>
    <ClCompile Include="..\Codes\DrinkCan1.cpp">
      <Filter>01.Object\01.ObjList\15.DrinkCan1</Filter>
    </ClCompile>
    <ClCompile Include="..\Codes\Egg.cpp">
      <Filter>01.Object\01.ObjList\16.Egg</Filter>
    </ClCompile>
    <ClCompile Include="..\Codes\Eraser.cpp">
      <Filter>01.Object\01.ObjList\17.Eraser</Filter>
    </ClCompile>
    <ClCompile Include="..\Codes\Tulip.cpp">
      <Filter>01.Object\01.ObjList\33.Tulip</Filter>
    </ClCompile>
    <ClCompile Include="..\Codes\Tree.cpp">
      <Filter>01.Object\01.ObjList\NewFilter1\32.Tree</Filter>
    </ClCompile>
    <ClCompile Include="..\Codes\SunFlower.cpp">
      <Filter>01.Object\01.ObjList\31.SunFlower</Filter>
    </ClCompile>
    <ClCompile Include="..\Codes\Stand.cpp">
      <Filter>01.Object\01.ObjList\30.Stand</Filter>
    </ClCompile>
    <ClCompile Include="..\Codes\Spoon.cpp">
      <Filter>01.Object\01.ObjList\29.Spoon</Filter>
    </ClCompile>
    <ClCompile Include="..\Codes\Radio.cpp">
      <Filter>01.Object\01.ObjList\28.Radio</Filter>
    </ClCompile>
    <ClCompile Include="..\Codes\Pin1.cpp">
      <Filter>01.Object\01.ObjList\27.Pin1</Filter>
    </ClCompile>
    <ClCompile Include="..\Codes\Pin0.cpp">
      <Filter>01.Object\01.ObjList\26.Pin0</Filter>
    </ClCompile>
    <ClCompile Include="..\Codes\Pilon.cpp">
      <Filter>01.Object\01.ObjList\25.Pilon</Filter>
    </ClCompile>
    <ClCompile Include="..\Codes\Orange.cpp">
      <Filter>01.Object\01.ObjList\24.Orange</Filter>
    </ClCompile>
    <ClCompile Include="..\Codes\MilkPack.cpp">
      <Filter>01.Object\01.ObjList\23.MilkPack</Filter>
    </ClCompile>
    <ClCompile Include="..\Codes\Melon.cpp">
      <Filter>01.Object\01.ObjList\22.Melon</Filter>
    </ClCompile>
    <ClCompile Include="..\Codes\Magnet.cpp">
      <Filter>01.Object\01.ObjList\21.Magnet</Filter>
    </ClCompile>
    <ClCompile Include="..\Codes\LipStick.cpp">
      <Filter>01.Object\01.ObjList\20.LipStick</Filter>
    </ClCompile>
    <ClCompile Include="..\Codes\FryPan.cpp">
      <Filter>01.Object\01.ObjList\19.FryPan</Filter>
    </ClCompile>
    <ClCompile Include="..\Codes\Fork.cpp">
      <Filter>01.Object\01.ObjList\18.Fork</Filter>
    </ClCompile>
    <ClCompile Include="..\Codes\LoadingUI.cpp">
      <Filter>01.Object\02.CommonObj\03.UI\04.LoadingUI</Filter>
    </ClCompile>
    <ClCompile Include="..\Codes\Dummy.cpp">
      <Filter>01.Object\01.ObjList\34.Dummy</Filter>
    </ClCompile>
    <ClCompile Include="..\Codes\StickObjUI.cpp">
      <Filter>01.Object\02.CommonObj\03.UI\05.StickObjUI</Filter>
    </ClCompile>
    <ClCompile Include="..\Codes\ClockUI.cpp">
      <Filter>01.Object\02.CommonObj\03.UI\06.ClockUI</Filter>
    </ClCompile>
    <ClCompile Include="..\Codes\TimeNumUI.cpp">
      <Filter>01.Object\02.CommonObj\03.UI\07.TimeNumUI</Filter>
    </ClCompile>
  </ItemGroup>
  <ItemGroup>
    <Image Include="Client.ico">
      <Filter>98.Default</Filter>
    </Image>
    <Image Include="small.ico">
      <Filter>98.Default</Filter>
    </Image>
  </ItemGroup>
  <ItemGroup>
    <ResourceCompile Include="Client.rc">
      <Filter>98.Default</Filter>
    </ResourceCompile>
  </ItemGroup>
  <ItemGroup>
    <FxCompile Include="..\Bin\ShaderFiles\Shader_Mesh.fx">
      <Filter>97.Shader</Filter>
    </FxCompile>
    <FxCompile Include="..\Bin\ShaderFiles\Shader_Rect.fx">
      <Filter>97.Shader</Filter>
    </FxCompile>
    <FxCompile Include="..\Bin\ShaderFiles\Shader_Terrain.fx">
      <Filter>97.Shader</Filter>
    </FxCompile>
    <FxCompile Include="..\Bin\ShaderFiles\Shader_UI.fx">
      <Filter>97.Shader</Filter>
    </FxCompile>
  </ItemGroup>
</Project>